
Microsoft Visual Studio Solution File, Format Version 12.00
# Visual Studio Version 16
VisualStudioVersion = 16.0.31729.503
MinimumVisualStudioVersion = 10.0.40219.1
Project("{FAE04EC0-301F-11D3-BF4B-00C04F79EFBC}") = "StudentMS", "StudentMS\StudentMS.csproj", "{33D12D1B-A255-43C9-977F-92CF9A8879DF}"
EndProject
Project("{FAE04EC0-301F-11D3-BF4B-00C04F79EFBC}") = "StudentMS_BLL", "StudentMS_BLL\StudentMS_BLL.csproj", "{7B90A04B-3F29-49A8-B2A2-74BD418E8D66}"
EndProject
Project("{FAE04EC0-301F-11D3-BF4B-00C04F79EFBC}") = "StudentMS_BO", "StudentMS_BO\StudentMS_BO.csproj", "{DE1587A7-CBA9-4B88-A27B-9050212263FF}"
EndProject
Project("{FAE04EC0-301F-11D3-BF4B-00C04F79EFBC}") = "StudentMS_DAL", "StudentMS_DAL\StudentMS_DAL.csproj", "{C087BAA9-6218-4F14-BB14-F477E4119BAB}"
EndProject
Global
	GlobalSection(SolutionConfigurationPlatforms) = preSolution
		Debug|Any CPU = Debug|Any CPU
		Release|Any CPU = Release|Any CPU
	EndGlobalSection
	GlobalSection(ProjectConfigurationPlatforms) = postSolution
		{33D12D1B-A255-43C9-977F-92CF9A8879DF}.Debug|Any CPU.ActiveCfg = Debug|Any CPU
		{33D12D1B-A255-43C9-977F-92CF9A8879DF}.Debug|Any CPU.Build.0 = Debug|Any CPU
		{33D12D1B-A255-43C9-977F-92CF9A8879DF}.Release|Any CPU.ActiveCfg = Release|Any CPU
		{33D12D1B-A255-43C9-977F-92CF9A8879DF}.Release|Any CPU.Build.0 = Release|Any CPU
		{7B90A04B-3F29-49A8-B2A2-74BD418E8D66}.Debug|Any CPU.ActiveCfg = Debug|Any CPU
		{7B90A04B-3F29-49A8-B2A2-74BD418E8D66}.Debug|Any CPU.Build.0 = Debug|Any CPU
		{7B90A04B-3F29-49A8-B2A2-74BD418E8D66}.Release|Any CPU.ActiveCfg = Release|Any CPU
		{7B90A04B-3F29-49A8-B2A2-74BD418E8D66}.Release|Any CPU.Build.0 = Release|Any CPU
		{DE1587A7-CBA9-4B88-A27B-9050212263FF}.Debug|Any CPU.ActiveCfg = Debug|Any CPU
		{DE1587A7-CBA9-4B88-A27B-9050212263FF}.Debug|Any CPU.Build.0 = Debug|Any CPU
		{DE1587A7-CBA9-4B88-A27B-9050212263FF}.Release|Any CPU.ActiveCfg = Release|Any CPU
		{DE1587A7-CBA9-4B88-A27B-9050212263FF}.Release|Any CPU.Build.0 = Release|Any CPU
		{C087BAA9-6218-4F14-BB14-F477E4119BAB}.Debug|Any CPU.ActiveCfg = Debug|Any CPU
		{C087BAA9-6218-4F14-BB14-F477E4119BAB}.Debug|Any CPU.Build.0 = Debug|Any CPU
		{C087BAA9-6218-4F14-BB14-F477E4119BAB}.Release|Any CPU.ActiveCfg = Release|Any CPU
		{C087BAA9-6218-4F14-BB14-F477E4119BAB}.Release|Any CPU.Build.0 = Release|Any CPU
	EndGlobalSection
	GlobalSection(SolutionProperties) = preSolution
		HideSolutionNode = FALSE
	EndGlobalSection
	GlobalSection(ExtensibilityGlobals) = postSolution
		SolutionGuid = {B531A123-92F2-4AF2-B81D-71FFBDFC21E2}
	EndGlobalSection
EndGlobal
